
Microsoft Visual Studio Solution File, Format Version 10.00
# Visual C# Express 2008
Project("{FAE04EC0-301F-11D3-BF4B-00C04F79EFBC}") = "MiniGame", "MiniGame.csproj", "{180FA117-C23D-4ED7-9DE7-2D71E93BE2CB}"
EndProject
Project("{FAE04EC0-301F-11D3-BF4B-00C04F79EFBC}") = "Core", "..\Core\Core.csproj", "{CFB36A08-A402-4C66-BCFF-5DA8DD8B35B3}"
EndProject
Global
	GlobalSection(SolutionConfigurationPlatforms) = preSolution
		Debug|x86 = Debug|x86
		Release|x86 = Release|x86
	EndGlobalSection
	GlobalSection(ProjectConfigurationPlatforms) = postSolution
		{180FA117-C23D-4ED7-9DE7-2D71E93BE2CB}.Debug|x86.ActiveCfg = Debug|x86
		{180FA117-C23D-4ED7-9DE7-2D71E93BE2CB}.Debug|x86.Build.0 = Debug|x86
		{180FA117-C23D-4ED7-9DE7-2D71E93BE2CB}.Release|x86.ActiveCfg = Release|x86
		{180FA117-C23D-4ED7-9DE7-2D71E93BE2CB}.Release|x86.Build.0 = Release|x86
		{B77335B3-EEBD-4A82-8854-8D23B6717E21}.Debug|x86.ActiveCfg = Debug|x86
		{B77335B3-EEBD-4A82-8854-8D23B6717E21}.Release|x86.ActiveCfg = Release|x86
		{CFB36A08-A402-4C66-BCFF-5DA8DD8B35B3}.Debug|x86.ActiveCfg = Debug|x86
		{CFB36A08-A402-4C66-BCFF-5DA8DD8B35B3}.Debug|x86.Build.0 = Debug|x86
		{CFB36A08-A402-4C66-BCFF-5DA8DD8B35B3}.Release|x86.ActiveCfg = Release|x86
		{CFB36A08-A402-4C66-BCFF-5DA8DD8B35B3}.Release|x86.Build.0 = Release|x86
		{16794739-57BF-419D-95D9-A4E09055C495}.Debug|x86.ActiveCfg = Debug|x86
		{16794739-57BF-419D-95D9-A4E09055C495}.Release|x86.ActiveCfg = Release|x86
	EndGlobalSection
	GlobalSection(SolutionProperties) = preSolution
		HideSolutionNode = FALSE
	EndGlobalSection
EndGlobal
